{
    "_readme": [
        "This file locks the dependencies of your project to a known state",
        "Read more about it at https://getcomposer.org/doc/01-basic-usage.md#composer-lock-the-lock-file",
        "This file is @generated automatically"
    ],
    "hash": "45425a0d22847f656af8c3d0884f8dc8",
    "content-hash": "401d4b6738ac9eb8d9a9835f46fd58d4",
    "packages": [
        {
            "name": "assertchris/hash-compat",
            "version": "1.0.1",
            "source": {
                "type": "git",
                "url": "https://github.com/assertchris/hash-compat.git",
                "reference": "085131ed20472cf0716b969890d38e7ed2c8ccb0"
            },
            "dist": {
                "type": "zip",
                "url": "https://api.github.com/repos/assertchris/hash-compat/zipball/085131ed20472cf0716b969890d38e7ed2c8ccb0",
                "reference": "085131ed20472cf0716b969890d38e7ed2c8ccb0",
                "shasum": ""
            },
            "require-dev": {
                "phpunit/phpunit": "~4.6"
            },
            "type": "library",
            "autoload": {
                "files": [
                    "src/hash.php"
                ]
            },
            "notification-url": "https://packagist.org/downloads/",
            "license": [
                "MIT"
            ],
            "authors": [
                {
                    "name": "Christopher Pitt",
                    "email": "cgpitt@gmail.com"
                }
            ],
            "description": "Provides forward compatibility with the hash_* functions that ship with PHP 5.5",
            "time": "2015-05-05 23:42:48"
        },
        {
            "name": "bummzack/sortablefile",
            "version": "dev-master",
            "source": {
                "type": "git",
                "url": "https://github.com/bummzack/sortablefile.git",
                "reference": "c8517df9d0aad843ca38f19ddf28662b9f408f7e"
            },
            "dist": {
                "type": "zip",
                "url": "https://api.github.com/repos/bummzack/sortablefile/zipball/c8517df9d0aad843ca38f19ddf28662b9f408f7e",
                "reference": "c8517df9d0aad843ca38f19ddf28662b9f408f7e",
                "shasum": ""
            },
            "require": {
                "silverstripe/framework": "~3.1"
            },
            "type": "silverstripe-module",
            "extra": {
                "branch-alias": {
                    "dev-master": "1.x-dev"
                }
            },
            "notification-url": "https://packagist.org/downloads/",
            "license": [
                "BSD-3-Clause"
            ],
            "authors": [
                {
                    "name": "bummzack"
                }
            ],
            "description": "An extension for SilverStripe 3.1 that allows sorting of multiple attached images (extends UploadField).",
            "keywords": [
                "cms",
                "silverstripe",
                "sortable"
            ],
            "time": "2016-02-18 10:36:15"
        },
        {
            "name": "colymba/gridfield-bulk-editing-tools",
            "version": "v2.1.6",
            "source": {
                "type": "git",
                "url": "https://github.com/colymba/GridFieldBulkEditingTools.git",
                "reference": "29482dbd17e42c3de364aa3d46d20ba65175c9d3"
            },
            "dist": {
                "type": "zip",
                "url": "https://api.github.com/repos/colymba/GridFieldBulkEditingTools/zipball/29482dbd17e42c3de364aa3d46d20ba65175c9d3",
                "reference": "29482dbd17e42c3de364aa3d46d20ba65175c9d3",
                "shasum": ""
            },
            "require": {
                "silverstripe/framework": ">=3.1"
            },
            "type": "silverstripe-module",
            "notification-url": "https://packagist.org/downloads/",
            "license": [
                "BSD Simplified"
            ],
            "authors": [
                {
                    "name": "Thierry Francois",
                    "homepage": "http://colymba.com"
                },
                {
                    "name": "GitHub contributors",
                    "homepage": "https://github.com/colymba/GridFieldBulkEditingTools/contributors"
                }
            ],
            "description": "SilverStripe 3 GridField component to upload images and edit records in bulk",
            "homepage": "https://github.com/colymba/GridFieldBulkEditingTools",
            "keywords": [
                "Image upload",
                "bulk upload",
                "gridfield bulk upload",
                "silverstripe"
            ],
            "time": "2016-04-11 19:31:21"
        },
        {
            "name": "composer/installers",
            "version": "v1.2.0",
            "source": {
                "type": "git",
                "url": "https://github.com/composer/installers.git",
                "reference": "d78064c68299743e0161004f2de3a0204e33b804"
            },
            "dist": {
                "type": "zip",
                "url": "https://api.github.com/repos/composer/installers/zipball/d78064c68299743e0161004f2de3a0204e33b804",
                "reference": "d78064c68299743e0161004f2de3a0204e33b804",
                "shasum": ""
            },
            "require": {
                "composer-plugin-api": "^1.0"
            },
            "replace": {
                "roundcube/plugin-installer": "*",
                "shama/baton": "*"
            },
            "require-dev": {
                "composer/composer": "1.0.*@dev",
                "phpunit/phpunit": "4.1.*"
            },
            "type": "composer-plugin",
            "extra": {
                "class": "Composer\\Installers\\Plugin",
                "branch-alias": {
                    "dev-master": "1.0-dev"
                }
            },
            "autoload": {
                "psr-4": {
                    "Composer\\Installers\\": "src/Composer/Installers"
                }
            },
            "notification-url": "https://packagist.org/downloads/",
            "license": [
                "MIT"
            ],
            "authors": [
                {
                    "name": "Kyle Robinson Young",
                    "email": "kyle@dontkry.com",
                    "homepage": "https://github.com/shama"
                }
            ],
            "description": "A multi-framework Composer library installer",
            "homepage": "https://composer.github.io/installers/",
            "keywords": [
                "Craft",
                "Dolibarr",
                "Hurad",
                "ImageCMS",
                "MODX Evo",
                "Mautic",
                "OXID",
                "Plentymarkets",
                "RadPHP",
                "SMF",
                "Thelia",
                "WolfCMS",
                "agl",
                "aimeos",
                "annotatecms",
                "attogram",
                "bitrix",
                "cakephp",
                "chef",
                "cockpit",
                "codeigniter",
                "concrete5",
                "croogo",
                "dokuwiki",
                "drupal",
                "elgg",
                "expressionengine",
                "fuelphp",
                "grav",
                "installer",
                "joomla",
                "kohana",
                "laravel",
                "lithium",
                "magento",
                "mako",
                "mediawiki",
                "modulework",
                "moodle",
                "phpbb",
                "piwik",
                "ppi",
                "puppet",
                "reindex",
                "roundcube",
                "shopware",
                "silverstripe",
                "symfony",
                "typo3",
                "wordpress",
                "yawik",
                "zend",
                "zikula"
            ],
            "time": "2016-08-13 20:53:52"
        },
        {
            "name": "ezyang/htmlpurifier",
            "version": "dev-master",
            "source": {
                "type": "git",
                "url": "https://github.com/ezyang/htmlpurifier.git",
                "reference": "08eee90e15d028767e0a082bdf6cdf450c8cbbbf"
            },
            "dist": {
                "type": "zip",
                "url": "https://api.github.com/repos/ezyang/htmlpurifier/zipball/08eee90e15d028767e0a082bdf6cdf450c8cbbbf",
                "reference": "08eee90e15d028767e0a082bdf6cdf450c8cbbbf",
                "shasum": ""
            },
            "require": {
                "php": ">=5.2"
            },
            "require-dev": {
                "simpletest/simpletest": "^1.1"
            },
            "type": "library",
            "autoload": {
                "psr-0": {
                    "HTMLPurifier": "library/"
                },
                "files": [
                    "library/HTMLPurifier.composer.php"
                ]
            },
            "notification-url": "https://packagist.org/downloads/",
            "license": [
                "LGPL"
            ],
            "authors": [
                {
                    "name": "Edward Z. Yang",
                    "email": "admin@htmlpurifier.org",
                    "homepage": "http://ezyang.com"
                }
            ],
            "description": "Standards compliant HTML filter written in PHP",
            "homepage": "http://htmlpurifier.org/",
            "keywords": [
                "html"
            ],
            "time": "2016-10-02 07:14:41"
        },
        {
            "name": "johngrogg/ics-parser",
            "version": "1.0.3",
            "source": {
                "type": "git",
                "url": "https://github.com/johngrogg/ics-parser.git",
                "reference": "6085a18242eaf98e6586e3defa7705fa207847ac"
            },
            "dist": {
                "type": "zip",
                "url": "https://api.github.com/repos/johngrogg/ics-parser/zipball/6085a18242eaf98e6586e3defa7705fa207847ac",
                "reference": "6085a18242eaf98e6586e3defa7705fa207847ac",
                "shasum": ""
            },
            "type": "library",
            "autoload": {
                "classmap": [
                    "class.iCalReader.php"
                ]
            },
            "notification-url": "https://packagist.org/downloads/",
            "authors": [
                {
                    "name": "Martin Thoma",
                    "email": "info@martin-thoma.de",
                    "role": "Original Developer"
                },
                {
                    "name": "John Grogg",
                    "email": "john.grogg@gmail.com",
                    "role": "Developer"
                }
            ],
            "description": "Ics file parser",
            "keywords": [
                "ical",
                "ics"
            ],
            "time": "2016-03-16 13:31:55"
        },
        {
            "name": "silverstripe-australia/gridfieldextensions",
            "version": "dev-master",
            "source": {
                "type": "git",
                "url": "https://github.com/silverstripe-australia/silverstripe-gridfieldextensions.git",
                "reference": "e8986f9817faad3ad54a6212a82353c96a85e043"
            },
            "dist": {
                "type": "zip",
                "url": "https://api.github.com/repos/silverstripe-australia/silverstripe-gridfieldextensions/zipball/e8986f9817faad3ad54a6212a82353c96a85e043",
                "reference": "e8986f9817faad3ad54a6212a82353c96a85e043",
                "shasum": ""
            },
            "require": {
                "silverstripe/framework": "~3.1"
            },
            "replace": {
                "ajshort/silverstripe-gridfieldextensions": "self.version"
            },
            "type": "silverstripe-module",
            "extra": {
                "installer-name": "gridfieldextensions",
                "branch-alias": {
                    "dev-master": "1.4.x-dev"
                },
                "screenshots": [
                    "docs/en/_images/editable-rows.png",
                    "docs/en/_images/add-existing-search.png"
                ]
            },
            "notification-url": "https://packagist.org/downloads/",
            "license": [
                "BSD-3-Clause"
            ],
            "authors": [
                {
                    "name": "Marcus Nyeholt",
                    "email": "marcus@silverstripe.com.au"
                },
                {
                    "name": "Andrew Short",
                    "email": "andrewjshort@gmail.com"
                }
            ],
            "description": "A collection of useful grid field components",
            "homepage": "http://github.com/silverstripe-australia/silverstripe-gridfieldextensions",
            "keywords": [
                "gridfield",
                "silverstripe"
            ],
            "time": "2016-10-17 01:37:02"
        },
        {
            "name": "silverstripe/blog",
            "version": "2.4.3",
            "source": {
                "type": "git",
                "url": "https://github.com/silverstripe/silverstripe-blog.git",
                "reference": "7f7459f769b333ae222f4ad7cd43dd985865eaaa"
            },
            "dist": {
                "type": "zip",
                "url": "https://api.github.com/repos/silverstripe/silverstripe-blog/zipball/7f7459f769b333ae222f4ad7cd43dd985865eaaa",
                "reference": "7f7459f769b333ae222f4ad7cd43dd985865eaaa",
                "shasum": ""
            },
            "require": {
                "silverstripe/cms": "^3.1.0",
                "silverstripe/lumberjack": "~1.1",
                "silverstripe/tagfield": "^1.0"
            },
            "replace": {
                "micmania1/silverstripe-blog": "*"
            },
            "require-dev": {
                "phpunit/phpunit": "~3.7@stable"
            },
            "suggest": {
                "silverstripe/comments": "This module adds comments to your blog.",
                "silverstripe/widgets": "Some widgets come with the blog which are compatible with the widgets module."
            },
            "type": "silverstripe-module",
            "extra": {
                "branch-alias": {
                    "dev-master": "2.4.x-dev"
                }
            },
            "notification-url": "https://packagist.org/downloads/",
            "license": [
                "BSD-2-Clause"
            ],
            "authors": [
                {
                    "name": "Michael Strong",
                    "email": "github@michaelstrong.co.uk"
                }
            ],
            "description": "A fresh take on blogging in Silverstripe set out to tackle the issue of a cluttered Site Tree.",
            "keywords": [
                "blog",
                "news",
                "silverstripe"
            ],
            "time": "2016-08-16 23:08:00"
        },
        {
            "name": "silverstripe/cms",
            "version": "3.4.1",
            "source": {
                "type": "git",
                "url": "https://github.com/silverstripe/silverstripe-cms.git",
                "reference": "bffab11a549d314ba4e3ed2137eae9ceb4bc7f23"
            },
            "dist": {
                "type": "zip",
                "url": "https://api.github.com/repos/silverstripe/silverstripe-cms/zipball/bffab11a549d314ba4e3ed2137eae9ceb4bc7f23",
                "reference": "bffab11a549d314ba4e3ed2137eae9ceb4bc7f23",
                "shasum": ""
            },
            "require": {
                "composer/installers": "*",
                "php": ">=5.3.3",
                "silverstripe/framework": "~3.4",
                "silverstripe/reports": "~3.4",
                "silverstripe/siteconfig": "~3.4"
            },
            "type": "silverstripe-module",
            "autoload": {
                "classmap": [
                    "tests/behat/"
                ]
            },
            "notification-url": "https://packagist.org/downloads/",
            "license": [
                "BSD-3-Clause"
            ],
            "authors": [
                {
                    "name": "SilverStripe",
                    "homepage": "http://silverstripe.com"
                },
                {
                    "name": "The SilverStripe Community",
                    "homepage": "http://silverstripe.org"
                }
            ],
            "description": "The SilverStripe Content Management System",
            "homepage": "http://silverstripe.org",
            "keywords": [
                "cms",
                "silverstripe"
            ],
            "time": "2016-08-15 06:27:31"
        },
        {
            "name": "silverstripe/comments",
            "version": "dev-master",
            "source": {
                "type": "git",
                "url": "https://github.com/silverstripe/silverstripe-comments.git",
                "reference": "09db00a7839fa0568def7c1b1e1d98aed4182b3b"
            },
            "dist": {
                "type": "zip",
                "url": "https://api.github.com/repos/silverstripe/silverstripe-comments/zipball/09db00a7839fa0568def7c1b1e1d98aed4182b3b",
                "reference": "09db00a7839fa0568def7c1b1e1d98aed4182b3b",
                "shasum": ""
            },
            "require": {
                "assertchris/hash-compat": "~1.0",
                "colymba/gridfield-bulk-editing-tools": "~2.1",
                "silverstripe/framework": "~3.1"
            },
            "require-dev": {
                "phpunit/phpunit": "~3.7@stable"
            },
            "suggest": {
                "ezyang/htmlpurifier": "Standards compliant HTML filter written in PHP",
                "silverstripe/cms": "The SilverStripe Content Management System"
            },
            "type": "silverstripe-module",
            "extra": {
                "branch-alias": {
                    "dev-master": "2.1.x-dev"
                }
            },
            "notification-url": "https://packagist.org/downloads/",
            "license": [
                "BSD-3-Clause"
            ],
            "authors": [
                {
                    "name": "Will Rossiter",
                    "email": "will@fullscreen.io"
                }
            ],
            "description": "This module provides commenting functionality for Pages and other DataObjects on your SilverStripe site.",
            "keywords": [
                "comments",
                "silverstripe"
            ],
            "time": "2016-08-16 23:08:00"
        },
        {
            "name": "silverstripe/event-calendar",
            "version": "1.0.14",
            "source": {
                "type": "git",
                "url": "https://github.com/unclecheese/silverstripe-event-calendar.git",
                "reference": "06b542dea239d70cc26779c2e18937eeade49e68"
            },
            "dist": {
                "type": "zip",
                "url": "https://api.github.com/repos/unclecheese/silverstripe-event-calendar/zipball/06b542dea239d70cc26779c2e18937eeade49e68",
                "reference": "06b542dea239d70cc26779c2e18937eeade49e68",
                "shasum": ""
            },
            "require": {
                "johngrogg/ics-parser": "1.0.3",
                "php": ">=5.3.2",
                "silverstripe/cms": ">=3.1",
                "silverstripe/framework": ">=3.1"
            },
            "replace": {
                "silverstripe/event-calendar": "*"
            },
            "type": "silverstripe-module",
            "extra": {
                "installer-name": "event_calendar"
            },
            "notification-url": "https://packagist.org/downloads/",
            "license": [
                "BSD-3-Clause"
            ],
            "authors": [
                {
                    "name": "Aaron Carlino",
                    "homepage": "http://leftandmain.com"
                }
            ],
            "description": "Event Calendar for the SilverStripe CMS",
            "keywords": [
                "events",
                "silverstripe"
            ],
            "time": "2016-09-28 20:38:35"
        },
        {
            "name": "silverstripe/framework",
            "version": "3.4.1",
            "source": {
                "type": "git",
                "url": "https://github.com/silverstripe/silverstripe-framework.git",
                "reference": "1f06e6dd18419cda02d58a78f39f6613c067a3ed"
            },
            "dist": {
                "type": "zip",
                "url": "https://api.github.com/repos/silverstripe/silverstripe-framework/zipball/1f06e6dd18419cda02d58a78f39f6613c067a3ed",
                "reference": "1f06e6dd18419cda02d58a78f39f6613c067a3ed",
                "shasum": ""
            },
            "require": {
                "composer/installers": "~1.0",
                "php": ">=5.3.3,<7"
            },
            "require-dev": {
                "phpunit/phpunit": "~3.7"
            },
            "type": "silverstripe-module",
            "autoload": {
                "classmap": [
                    "tests/behat/features/bootstrap"
                ]
            },
            "notification-url": "https://packagist.org/downloads/",
            "license": [
                "BSD-3-Clause"
            ],
            "authors": [
                {
                    "name": "SilverStripe",
                    "homepage": "http://silverstripe.com"
                },
                {
                    "name": "The SilverStripe Community",
                    "homepage": "http://silverstripe.org"
                }
            ],
            "description": "The SilverStripe framework",
            "homepage": "http://silverstripe.org",
            "keywords": [
                "framework",
                "silverstripe"
            ],
            "time": "2016-08-15 06:29:38"
        },
        {
            "name": "silverstripe/lumberjack",
            "version": "1.x-dev",
            "source": {
                "type": "git",
                "url": "https://github.com/silverstripe/silverstripe-lumberjack.git",
                "reference": "7b1bbcac9265ff06b84d57c2fc2618d33806da11"
            },
            "dist": {
                "type": "zip",
                "url": "https://api.github.com/repos/silverstripe/silverstripe-lumberjack/zipball/7b1bbcac9265ff06b84d57c2fc2618d33806da11",
                "reference": "7b1bbcac9265ff06b84d57c2fc2618d33806da11",
                "shasum": ""
            },
            "require": {
                "silverstripe/cms": "^3.1",
                "silverstripe/framework": "^3.1"
            },
            "require-dev": {
                "phpunit/phpunit": "~3.7@stable"
            },
            "type": "silverstripe-module",
            "extra": {
                "branch-alias": {
                    "1": "1.2.x-dev"
                }
            },
            "notification-url": "https://packagist.org/downloads/",
            "license": [
                "BSD-2-Clause"
            ],
            "authors": [
                {
                    "name": "Michael Strong",
                    "email": "mstrong@silverstripe.org"
                }
            ],
            "description": "A module to make managing pages in a GridField easy without losing any of the functionality that you're used to in the CMS.",
            "time": "2016-09-13 13:33:45"
        },
        {
            "name": "silverstripe/reports",
            "version": "3.x-dev",
            "source": {
                "type": "git",
                "url": "https://github.com/silverstripe/silverstripe-reports.git",
                "reference": "8f14b94433652952393c1c2ff07bcb4e436e0510"
            },
            "dist": {
                "type": "zip",
                "url": "https://api.github.com/repos/silverstripe/silverstripe-reports/zipball/8f14b94433652952393c1c2ff07bcb4e436e0510",
                "reference": "8f14b94433652952393c1c2ff07bcb4e436e0510",
                "shasum": ""
            },
            "require": {
                "php": ">=5.3.3,<7",
                "silverstripe/framework": "~3.3"
            },
            "require-dev": {
                "phpunit/phpunit": "~3.7"
            },
            "type": "silverstripe-module",
            "extra": {
                "branch-alias": {
                    "3.x-dev": "3.5.x-dev"
                }
            },
            "notification-url": "https://packagist.org/downloads/",
            "license": [
                "BSD-3-Clause"
            ],
            "authors": [
                {
                    "name": "SilverStripe",
                    "homepage": "http://silverstripe.com"
                },
                {
                    "name": "The SilverStripe Community",
                    "homepage": "http://silverstripe.org"
                }
            ],
            "description": "Reports module for SilverStripe CMS",
            "homepage": "http://silverstripe.org",
            "keywords": [
                "cms",
                "reports",
                "silverstripe"
            ],
            "time": "2016-08-15 07:05:25"
        },
        {
            "name": "silverstripe/segment-field",
            "version": "1.0.3",
            "source": {
                "type": "git",
                "url": "https://github.com/assertchris/silverstripe-segment-field.git",
                "reference": "0b1445307bac488ddc35d624564f4300e8080029"
            },
            "dist": {
                "type": "zip",
                "url": "https://api.github.com/repos/assertchris/silverstripe-segment-field/zipball/0b1445307bac488ddc35d624564f4300e8080029",
                "reference": "0b1445307bac488ddc35d624564f4300e8080029",
                "shasum": ""
            },
            "require": {
                "silverstripe/cms": "^3.1",
                "silverstripe/framework": "^3.1"
            },
            "require-dev": {
                "mockery/mockery": "^0.9",
                "phpunit/phpunit": "^3.7"
            },
            "type": "silverstripe-module",
            "autoload": {
                "psr-4": {
                    "SilverStripe\\Forms\\": "code"
                }
            },
            "notification-url": "https://packagist.org/downloads/",
            "license": [
                "MIT"
            ],
            "description": "A reusable approach to segment-generating fields",
            "keywords": [
                "segment",
                "silverstripe"
            ],
            "time": "2015-08-18 04:44:43"
        },
        {
            "name": "silverstripe/siteconfig",
            "version": "3.x-dev",
            "source": {
                "type": "git",
                "url": "https://github.com/silverstripe/silverstripe-siteconfig.git",
                "reference": "c00dc4876bdeaeca39b67b33a87e0f26dd358192"
            },
            "dist": {
                "type": "zip",
                "url": "https://api.github.com/repos/silverstripe/silverstripe-siteconfig/zipball/c00dc4876bdeaeca39b67b33a87e0f26dd358192",
                "reference": "c00dc4876bdeaeca39b67b33a87e0f26dd358192",
                "shasum": ""
            },
            "require": {
                "silverstripe/framework": "*"
            },
            "type": "silverstripe-module",
            "extra": {
                "installer-name": "siteconfig",
                "branch-alias": {
                    "3.x-dev": "3.5.x-dev"
                }
            },
            "autoload": {
                "classmap": [
                    "tests/behat/"
                ]
            },
            "notification-url": "https://packagist.org/downloads/",
            "authors": [
                {
                    "name": "Will Rossiter",
                    "email": "will@fullscreen.io"
                }
            ],
            "description": "Site wide settings administration.",
            "keywords": [
                "silverstripe",
                "siteconfig"
            ],
            "time": "2016-08-15 07:05:29"
        },
        {
            "name": "silverstripe/tagfield",
            "version": "dev-master",
            "source": {
                "type": "git",
                "url": "https://github.com/silverstripe/silverstripe-tagfield.git",
                "reference": "00c950eecf07ec279240445a450fd10caa52a31f"
            },
            "dist": {
                "type": "zip",
                "url": "https://api.github.com/repos/silverstripe/silverstripe-tagfield/zipball/00c950eecf07ec279240445a450fd10caa52a31f",
                "reference": "00c950eecf07ec279240445a450fd10caa52a31f",
                "shasum": ""
            },
            "require": {
                "silverstripe/framework": "~3.1"
            },
            "type": "silverstripe-module",
            "extra": {
                "branch-alias": {
                    "dev-master": "1.3.x-dev"
                }
            },
            "notification-url": "https://packagist.org/downloads/",
            "license": [
                "BSD-3-Clause"
            ],
            "authors": [
                {
                    "name": "Christopher Pitt",
                    "email": "chris@silverstripe.com",
                    "homepage": "http://github.com/assertchris"
                }
            ],
            "description": "Tag field for Silverstripe",
            "keywords": [
                "field",
                "silverstripe",
                "tag"
            ],
            "time": "2016-08-22 09:56:00"
        },
        {
            "name": "silverstripe/userforms",
            "version": "4.1.0",
            "source": {
                "type": "git",
                "url": "https://github.com/silverstripe/silverstripe-userforms.git",
                "reference": "1aae3d116958c3079773ad092ba63e08e6d70687"
            },
            "dist": {
                "type": "zip",
                "url": "https://api.github.com/repos/silverstripe/silverstripe-userforms/zipball/1aae3d116958c3079773ad092ba63e08e6d70687",
                "reference": "1aae3d116958c3079773ad092ba63e08e6d70687",
                "shasum": ""
            },
            "require": {
                "silverstripe-australia/gridfieldextensions": "~1.1",
                "silverstripe/cms": "~3.1",
                "silverstripe/framework": "~3.1",
                "silverstripe/segment-field": "^1.0"
            },
            "suggest": {
                "colymba/gridfield-bulk-editing-tools": "Allows for bulk management of form submissions",
                "silverstripe/secureassets": "Enables files uploaded via userforms to be secured from public access"
            },
            "type": "silverstripe-module",
            "extra": {
                "branch-alias": {
                    "dev-master": "4.1.x-dev"
                }
            },
            "notification-url": "https://packagist.org/downloads/",
            "license": [
                "BSD-3-Clause"
            ],
            "authors": [
                {
                    "name": "David Craig",
                    "email": "david@silverstripe.com"
                },
                {
                    "name": "Damian Mooyman",
                    "email": "damian@silverstripe.com"
                },
                {
                    "name": "Will Rossiter",
                    "email": "will@fullscreen.io"
                },
                {
                    "name": "Christopher Pitt",
                    "email": "chris@silverstripe.com"
                },
                {
                    "name": "Scott Hutchinson",
                    "email": "scott@silverstripe.com"
                }
            ],
            "description": "UserForms enables CMS users to create dynamic forms via a drag and drop interface and without getting involved in any PHP code",
            "keywords": [
                "silverstripe",
                "userforms"
            ],
            "time": "2016-08-18 06:24:51"
        },
        {
            "name": "silverstripe/widgets",
            "version": "1.2.3",
            "source": {
                "type": "git",
                "url": "https://github.com/silverstripe/silverstripe-widgets.git",
                "reference": "8d5203c08ab510f862c4e9763f2f845fc818f038"
            },
            "dist": {
                "type": "zip",
                "url": "https://api.github.com/repos/silverstripe/silverstripe-widgets/zipball/8d5203c08ab510f862c4e9763f2f845fc818f038",
                "reference": "8d5203c08ab510f862c4e9763f2f845fc818f038",
                "shasum": ""
            },
            "require": {
                "silverstripe/cms": ">=3.2",
                "silverstripe/framework": ">=3.2"
            },
            "require-dev": {
                "phpunit/phpunit": "~3.7@stable"
            },
            "type": "silverstripe-module",
            "extra": {
                "branch-alias": {
                    "dev-master": "1.2.x-dev"
                }
            },
            "notification-url": "https://packagist.org/downloads/",
            "license": [
                "BSD-3-Clause"
            ],
            "authors": [
                {
                    "name": "Ingo Schommer",
                    "email": "ingo@silverstripe.com"
                }
            ],
            "description": "Widgets are small pieces of functionality such as showing the latest Comments or Flickr Photos. They normally display on the sidebar of your website.",
            "keywords": [
                "blog",
                "silverstripe",
                "widgets"
            ],
            "time": "2016-08-16 23:08:01"
        },
        {
            "name": "webmaxsk/maxdocuments",
            "version": "dev-master",
            "source": {
                "type": "git",
                "url": "https://github.com/Webmaxsk/maxdocuments.git",
                "reference": "d8d8da6c7bd1acf253be397ce88229c70458c5c5"
            },
            "dist": {
                "type": "zip",
                "url": "https://api.github.com/repos/Webmaxsk/maxdocuments/zipball/d8d8da6c7bd1acf253be397ce88229c70458c5c5",
                "reference": "d8d8da6c7bd1acf253be397ce88229c70458c5c5",
                "shasum": ""
            },
            "type": "silverstripe-module",
            "extra": {
                "installer-name": "maxdocuments"
            },
            "notification-url": "https://packagist.org/downloads/",
            "license": [
                "BSD-3-Clause"
            ],
            "authors": [
                {
                    "name": "Rastislav Brandobur",
                    "email": "brandobur@webmax.sk"
                }
            ],
            "description": "Simple documents for any data object.",
            "keywords": [
                "documents",
                "silverstripe"
            ],
            "time": "2016-10-21 13:11:15"
        },
        {
            "name": "webmaxsk/maximages",
            "version": "dev-master",
            "source": {
                "type": "git",
                "url": "https://github.com/Webmaxsk/maximages.git",
                "reference": "40b140a70003e7440d6d61008ef27d9f8505c8e9"
            },
            "dist": {
                "type": "zip",
                "url": "https://api.github.com/repos/Webmaxsk/maximages/zipball/40b140a70003e7440d6d61008ef27d9f8505c8e9",
                "reference": "40b140a70003e7440d6d61008ef27d9f8505c8e9",
                "shasum": ""
            },
            "require": {
                "bummzack/sortablefile": "*",
                "silverstripe/cms": "3.*",
                "silverstripe/framework": "3.*"
            },
            "suggest": {
                "heyday/silverstripe-optimisedimage": "*",
                "jonom/focuspoint": "*"
            },
            "type": "silverstripe-module",
            "notification-url": "https://packagist.org/downloads/",
            "license": [
                "BSD-3-Clause"
            ],
            "authors": [
                {
                    "name": "Pali Ondras",
                    "email": "ondras@webmax.sk"
                }
            ],
            "description": "Simple image gallery for any dataobject",
            "keywords": [
                "gallery",
                "images",
                "photos",
                "silverstripe"
            ],
            "time": "2016-10-20 16:49:52"
        },
        {
            "name": "webmaxsk/silverstripe-bookmarks",
            "version": "dev-master",
            "source": {
                "type": "git",
                "url": "https://github.com/Webmaxsk/silverstripe-bookmarks.git",
                "reference": "3138397e89a3198dd721a6bffa3c74e022777961"
            },
            "dist": {
                "type": "zip",
                "url": "https://api.github.com/repos/Webmaxsk/silverstripe-bookmarks/zipball/3138397e89a3198dd721a6bffa3c74e022777961",
                "reference": "3138397e89a3198dd721a6bffa3c74e022777961",
                "shasum": ""
            },
            "type": "silverstripe-module",
            "extra": {
                "installer-name": "silverstripe-bookmarks"
            },
            "notification-url": "https://packagist.org/downloads/",
            "license": [
                "BSD-3-Clause"
            ],
            "authors": [
                {
                    "name": "Rastislav Brandobur",
                    "email": "brandobur@webmax.sk"
                }
            ],
            "description": "Looged in members can bookmark any internal or external page.",
            "keywords": [
                "bookmarks",
                "silverstripe"
            ],
            "time": "2016-10-29 10:32:36"
        },
        {
            "name": "webmaxsk/silverstripe-member-widgets",
            "version": "dev-master",
            "source": {
                "type": "git",
                "url": "https://github.com/Webmaxsk/silverstripe-member-widgets.git",
                "reference": "4b8e78526e1b5afa6c20e337969574146982ad95"
            },
            "dist": {
                "type": "zip",
                "url": "https://api.github.com/repos/Webmaxsk/silverstripe-member-widgets/zipball/4b8e78526e1b5afa6c20e337969574146982ad95",
                "reference": "4b8e78526e1b5afa6c20e337969574146982ad95",
                "shasum": ""
            },
            "type": "silverstripe-module",
            "extra": {
                "installer-name": "z-silverstripe-member-widgets"
            },
            "notification-url": "https://packagist.org/downloads/",
            "license": [
                "BSD-3-Clause"
            ],
            "authors": [
                {
                    "name": "Rastislav Brandobur",
                    "email": "brandobur@webmax.sk"
                }
            ],
            "description": "Allow customization of widgets area by logged in member. Member can hide default widgets or add new widgets. Custom sorting of available.",
            "keywords": [
                "silverstripe",
                "widgets"
            ],
            "time": "2016-10-18 08:22:26"
        },
        {
            "name": "webmaxsk/silverstripe-polls",
            "version": "dev-master",
            "source": {
                "type": "git",
                "url": "https://github.com/Webmaxsk/silverstripe-polls.git",
                "reference": "afcf5143a217f1947480728935ee3d777aa78491"
            },
            "dist": {
                "type": "zip",
                "url": "https://api.github.com/repos/Webmaxsk/silverstripe-polls/zipball/afcf5143a217f1947480728935ee3d777aa78491",
                "reference": "afcf5143a217f1947480728935ee3d777aa78491",
                "shasum": ""
            },
            "suggest": {
                "undefinedoffset/sortablegridfield": "*"
            },
            "type": "silverstripe-module",
            "extra": {
                "installer-name": "silverstripe-polls"
            },
            "notification-url": "https://packagist.org/downloads/",
            "license": [
                "BSD-3-Clause"
            ],
            "authors": [
                {
                    "name": "Rastislav Brandobur",
                    "email": "brandobur@webmax.sk"
                }
            ],
            "description": "Silverstripe simple polls module.",
            "keywords": [
                "polls",
                "silverstripe"
            ],
            "time": "2016-10-18 08:30:07"
        }
    ],
    "packages-dev": [],
    "aliases": [],
    "minimum-stability": "dev",
    "stability-flags": {
        "silverstripe/cms": 0,
        "silverstripe/framework": 0
    },
    "prefer-stable": false,
    "prefer-lowest": false,
    "platform": {
        "php": ">=5.3.2"
    },
    "platform-dev": []
}
